
Microsoft Visual Studio Solution File, Format Version 12.00
# Visual Studio Version 17
VisualStudioVersion = 17.1.32328.378
MinimumVisualStudioVersion = 10.0.40219.1
Project("{8BC9CEB8-8B4A-11D0-8D11-00A0C91BC942}") = "INTRODUCTION TO OOP", "INTRODUCTION TO OOP\INTRODUCTION TO OOP.vcxproj", "{D4185209-3542-4AFB-8238-2CFC69D05D80}"
EndProject
Project("{8BC9CEB8-8B4A-11D0-8D11-00A0C91BC942}") = "DISTANCE", "DISTANCE\DISTANCE.vcxproj", "{3CAA645D-AEC5-4199-AFBD-4E6A74043C41}"
EndProject
Project("{8BC9CEB8-8B4A-11D0-8D11-00A0C91BC942}") = "DISTANCE 2", "DISTANCE 2\DISTANCE 2.vcxproj", "{294EE42E-A5FB-405F-A6E5-25CCF24C24DD}"
EndProject
Project("{8BC9CEB8-8B4A-11D0-8D11-00A0C91BC942}") = "FRACTION", "FRACTION\FRACTION.vcxproj", "{DFBA215D-6E8E-42B9-978B-A6B10C875792}"
EndProject
Project("{8BC9CEB8-8B4A-11D0-8D11-00A0C91BC942}") = "String", "String\String.vcxproj", "{0204D688-2EC4-4A36-913E-729E5004175B}"
EndProject
Project("{8BC9CEB8-8B4A-11D0-8D11-00A0C91BC942}") = "inharitance", "inharitance\inharitance.vcxproj", "{F3783015-DC0D-4DBF-AFC3-CAD2FC902B95}"
EndProject
Project("{8BC9CEB8-8B4A-11D0-8D11-00A0C91BC942}") = "inheritance", "inheritance\inheritance.vcxproj", "{951085B6-025C-4D86-8419-17D005B935A7}"
EndProject
Global
	GlobalSection(SolutionConfigurationPlatforms) = preSolution
		Debug|x64 = Debug|x64
		Debug|x86 = Debug|x86
		Release|x64 = Release|x64
		Release|x86 = Release|x86
	EndGlobalSection
	GlobalSection(ProjectConfigurationPlatforms) = postSolution
		{D4185209-3542-4AFB-8238-2CFC69D05D80}.Debug|x64.ActiveCfg = Debug|x64
		{D4185209-3542-4AFB-8238-2CFC69D05D80}.Debug|x64.Build.0 = Debug|x64
		{D4185209-3542-4AFB-8238-2CFC69D05D80}.Debug|x86.ActiveCfg = Debug|Win32
		{D4185209-3542-4AFB-8238-2CFC69D05D80}.Debug|x86.Build.0 = Debug|Win32
		{D4185209-3542-4AFB-8238-2CFC69D05D80}.Release|x64.ActiveCfg = Release|x64
		{D4185209-3542-4AFB-8238-2CFC69D05D80}.Release|x64.Build.0 = Release|x64
		{D4185209-3542-4AFB-8238-2CFC69D05D80}.Release|x86.ActiveCfg = Release|Win32
		{D4185209-3542-4AFB-8238-2CFC69D05D80}.Release|x86.Build.0 = Release|Win32
		{3CAA645D-AEC5-4199-AFBD-4E6A74043C41}.Debug|x64.ActiveCfg = Debug|x64
		{3CAA645D-AEC5-4199-AFBD-4E6A74043C41}.Debug|x64.Build.0 = Debug|x64
		{3CAA645D-AEC5-4199-AFBD-4E6A74043C41}.Debug|x86.ActiveCfg = Debug|Win32
		{3CAA645D-AEC5-4199-AFBD-4E6A74043C41}.Debug|x86.Build.0 = Debug|Win32
		{3CAA645D-AEC5-4199-AFBD-4E6A74043C41}.Release|x64.ActiveCfg = Release|x64
		{3CAA645D-AEC5-4199-AFBD-4E6A74043C41}.Release|x64.Build.0 = Release|x64
		{3CAA645D-AEC5-4199-AFBD-4E6A74043C41}.Release|x86.ActiveCfg = Release|Win32
		{3CAA645D-AEC5-4199-AFBD-4E6A74043C41}.Release|x86.Build.0 = Release|Win32
		{294EE42E-A5FB-405F-A6E5-25CCF24C24DD}.Debug|x64.ActiveCfg = Debug|x64
		{294EE42E-A5FB-405F-A6E5-25CCF24C24DD}.Debug|x64.Build.0 = Debug|x64
		{294EE42E-A5FB-405F-A6E5-25CCF24C24DD}.Debug|x86.ActiveCfg = Debug|Win32
		{294EE42E-A5FB-405F-A6E5-25CCF24C24DD}.Debug|x86.Build.0 = Debug|Win32
		{294EE42E-A5FB-405F-A6E5-25CCF24C24DD}.Release|x64.ActiveCfg = Release|x64
		{294EE42E-A5FB-405F-A6E5-25CCF24C24DD}.Release|x64.Build.0 = Release|x64
		{294EE42E-A5FB-405F-A6E5-25CCF24C24DD}.Release|x86.ActiveCfg = Release|Win32
		{294EE42E-A5FB-405F-A6E5-25CCF24C24DD}.Release|x86.Build.0 = Release|Win32
		{DFBA215D-6E8E-42B9-978B-A6B10C875792}.Debug|x64.ActiveCfg = Debug|x64
		{DFBA215D-6E8E-42B9-978B-A6B10C875792}.Debug|x64.Build.0 = Debug|x64
		{DFBA215D-6E8E-42B9-978B-A6B10C875792}.Debug|x86.ActiveCfg = Debug|Win32
		{DFBA215D-6E8E-42B9-978B-A6B10C875792}.Debug|x86.Build.0 = Debug|Win32
		{DFBA215D-6E8E-42B9-978B-A6B10C875792}.Release|x64.ActiveCfg = Release|x64
		{DFBA215D-6E8E-42B9-978B-A6B10C875792}.Release|x64.Build.0 = Release|x64
		{DFBA215D-6E8E-42B9-978B-A6B10C875792}.Release|x86.ActiveCfg = Release|Win32
		{DFBA215D-6E8E-42B9-978B-A6B10C875792}.Release|x86.Build.0 = Release|Win32
		{0204D688-2EC4-4A36-913E-729E5004175B}.Debug|x64.ActiveCfg = Debug|x64
		{0204D688-2EC4-4A36-913E-729E5004175B}.Debug|x64.Build.0 = Debug|x64
		{0204D688-2EC4-4A36-913E-729E5004175B}.Debug|x86.ActiveCfg = Debug|Win32
		{0204D688-2EC4-4A36-913E-729E5004175B}.Debug|x86.Build.0 = Debug|Win32
		{0204D688-2EC4-4A36-913E-729E5004175B}.Release|x64.ActiveCfg = Release|x64
		{0204D688-2EC4-4A36-913E-729E5004175B}.Release|x64.Build.0 = Release|x64
		{0204D688-2EC4-4A36-913E-729E5004175B}.Release|x86.ActiveCfg = Release|Win32
		{0204D688-2EC4-4A36-913E-729E5004175B}.Release|x86.Build.0 = Release|Win32
		{F3783015-DC0D-4DBF-AFC3-CAD2FC902B95}.Debug|x64.ActiveCfg = Debug|x64
		{F3783015-DC0D-4DBF-AFC3-CAD2FC902B95}.Debug|x64.Build.0 = Debug|x64
		{F3783015-DC0D-4DBF-AFC3-CAD2FC902B95}.Debug|x86.ActiveCfg = Debug|Win32
		{F3783015-DC0D-4DBF-AFC3-CAD2FC902B95}.Debug|x86.Build.0 = Debug|Win32
		{F3783015-DC0D-4DBF-AFC3-CAD2FC902B95}.Release|x64.ActiveCfg = Release|x64
		{F3783015-DC0D-4DBF-AFC3-CAD2FC902B95}.Release|x64.Build.0 = Release|x64
		{F3783015-DC0D-4DBF-AFC3-CAD2FC902B95}.Release|x86.ActiveCfg = Release|Win32
		{F3783015-DC0D-4DBF-AFC3-CAD2FC902B95}.Release|x86.Build.0 = Release|Win32
		{951085B6-025C-4D86-8419-17D005B935A7}.Debug|x64.ActiveCfg = Debug|x64
		{951085B6-025C-4D86-8419-17D005B935A7}.Debug|x64.Build.0 = Debug|x64
		{951085B6-025C-4D86-8419-17D005B935A7}.Debug|x86.ActiveCfg = Debug|Win32
		{951085B6-025C-4D86-8419-17D005B935A7}.Debug|x86.Build.0 = Debug|Win32
		{951085B6-025C-4D86-8419-17D005B935A7}.Release|x64.ActiveCfg = Release|x64
		{951085B6-025C-4D86-8419-17D005B935A7}.Release|x64.Build.0 = Release|x64
		{951085B6-025C-4D86-8419-17D005B935A7}.Release|x86.ActiveCfg = Release|Win32
		{951085B6-025C-4D86-8419-17D005B935A7}.Release|x86.Build.0 = Release|Win32
	EndGlobalSection
	GlobalSection(SolutionProperties) = preSolution
		HideSolutionNode = FALSE
	EndGlobalSection
	GlobalSection(ExtensibilityGlobals) = postSolution
		SolutionGuid = {935F668A-0965-4D9C-B9AC-C01974DA4BC9}
	EndGlobalSection
EndGlobal
